{
  "version": 4,
  "terraform_version": "1.5.7",
  "serial": 2,
  "lineage": "a2aa036a-5b06-9e24-7c5e-e010c815f221",
  "outputs": {
    "pet_name": {
      "value": "Cute-bright-ghoul",
      "type": "string"
    }
  },
  "resources": [
    {
      "mode": "managed",
      "type": "random_pet",
      "name": "pet",
      "provider": "provider[\"registry.terraform.io/hashicorp/random\"]",
      "instances": [
        {
          "schema_version": 0,
          "attributes": {
            "id": "Cute-bright-ghoul",
            "keepers": null,
            "length": 2,
            "prefix": "Cute",
            "separator": "-"
          },
          "sensitive_attributes": []
        }
      ]
    }
  ],
  "check_results": null
}
