{
  "version": 4,
  "terraform_version": "1.5.7",
  "serial": 8,
  "lineage": "a0dfa388-2b0a-95c6-b36b-1ffeadc48349",
  "outputs": {},
  "resources": [
    {
      "mode": "managed",
      "type": "local_file",
      "name": "pet",
      "provider": "provider[\"registry.terraform.io/hashicorp/local\"]",
      "instances": [
        {
          "index_key": 0,
          "schema_version": 0,
          "attributes": {
            "content": "file content 0",
            "content_base64": null,
            "content_base64sha256": "N9zVJZkzf6IVrbt1hjLCCktGGOq2jt+weWjPyGeQIKE=",
            "content_base64sha512": "7ppv0sYl6S8snjzygFj37glw27TNSQTQP2+10RlI2F5VpfpdjXR3X/bXFNPzJTlSNanAqz0vqVMCj6Mr27ba5Q==",
            "content_md5": "5636cd89f5ca6e5063e63e889c7083de",
            "content_sha1": "11da22df3e276d946267b60b774d99752da6310a",
            "content_sha256": "37dcd52599337fa215adbb758632c20a4b4618eab68edfb07968cfc8679020a1",
            "content_sha512": "ee9a6fd2c625e92f2c9e3cf28058f7ee0970dbb4cd4904d03f6fb5d11948d85e55a5fa5d8d74775ff6d714d3f325395235a9c0ab3d2fa953028fa32bdbb6dae5",
            "directory_permission": "0777",
            "file_permission": "0777",
            "filename": "cat.txt",
            "id": "11da22df3e276d946267b60b774d99752da6310a",
            "sensitive_content": null,
            "source": null
          },
          "sensitive_attributes": []
        },
        {
          "index_key": 1,
          "schema_version": 0,
          "attributes": {
            "content": "file content 1",
            "content_base64": null,
            "content_base64sha256": "syaEpDnARNIV5grY3TlqHo+loW0+dPf82fBTCJ9zNqU=",
            "content_base64sha512": "u3Y2P9i83HgBrvMb5niRG/liM7mHE8CjJVbiAeU+bE9QTtVW5PldQbg2j8JkcJwleyKDYzwwhSLdpHRKL0n88w==",
            "content_md5": "65a3fa42e622886d1f2233be365c6fa2",
            "content_sha1": "a6a6830b8d77081b63d0f3c4b060c81cf54ee7c9",
            "content_sha256": "b32684a439c044d215e60ad8dd396a1e8fa5a16d3e74f7fcd9f053089f7336a5",
            "content_sha512": "bb76363fd8bcdc7801aef31be678911bf96233b98713c0a32556e201e53e6c4f504ed556e4f95d41b8368fc264709c257b2283633c308522dda4744a2f49fcf3",
            "directory_permission": "0777",
            "file_permission": "0777",
            "filename": "dog.txt",
            "id": "a6a6830b8d77081b63d0f3c4b060c81cf54ee7c9",
            "sensitive_content": null,
            "source": null
          },
          "sensitive_attributes": []
        },
        {
          "index_key": 2,
          "schema_version": 0,
          "attributes": {
            "content": "file content 2",
            "content_base64": null,
            "content_base64sha256": "V/UwwcWXWFiogF2x0bGy24B7tmRq/t6PUqh+WiSUJK4=",
            "content_base64sha512": "Ad2oQvJS63GkzQqElUzurUsh+DureWQiVonGqEly0WZfo5bAz1Jj25yLuMPwJSbaez5wu0PzLwfpW1opEhEYuA==",
            "content_md5": "952611d44031431b9d33e9f73f6c7a2d",
            "content_sha1": "d38660a9b3bfcb4eacca723178c64a3e37a0dd44",
            "content_sha256": "57f530c1c5975858a8805db1d1b1b2db807bb6646afede8f52a87e5a249424ae",
            "content_sha512": "01dda842f252eb71a4cd0a84954ceead4b21f83bab7964225689c6a84972d1665fa396c0cf5263db9c8bb8c3f02526da7b3e70bb43f32f07e95b5a29121118b8",
            "directory_permission": "0777",
            "file_permission": "0777",
            "filename": "horse.txt",
            "id": "d38660a9b3bfcb4eacca723178c64a3e37a0dd44",
            "sensitive_content": null,
            "source": null
          },
          "sensitive_attributes": []
        }
      ]
    },
    {
      "mode": "managed",
      "type": "local_file",
      "name": "pets",
      "provider": "provider[\"registry.terraform.io/hashicorp/local\"]",
      "instances": [
        {
          "index_key": "crab.txt",
          "schema_version": 0,
          "attributes": {
            "content": "file content",
            "content_base64": null,
            "content_base64sha256": "4Kw2AQBd+hhk9Tkqq699iYsbW6uFTxrLRJG82Aa3aww=",
            "content_base64sha512": "L7GHcwGFSskt1RgBj5dAegqIu2lr/vClHp7705kXNTUAAJ4VvXLD8OS/aQEVhwv6uSZWXVrZcmnZItu7QSYSIQ==",
            "content_md5": "d10b4c3ff123b26dc068d43a8bef2d23",
            "content_sha1": "87758871f598e1a3b4679953589ae2f57a0bb43c",
            "content_sha256": "e0ac3601005dfa1864f5392aabaf7d898b1b5bab854f1acb4491bcd806b76b0c",
            "content_sha512": "2fb1877301854ac92dd518018f97407a0a88bb696bfef0a51e9efbd39917353500009e15bd72c3f0e4bf690115870bfab926565d5ad97269d922dbbb41261221",
            "directory_permission": "0777",
            "file_permission": "0777",
            "filename": "crab.txt",
            "id": "87758871f598e1a3b4679953589ae2f57a0bb43c",
            "sensitive_content": null,
            "source": null
          },
          "sensitive_attributes": []
        },
        {
          "index_key": "dolphin.txt",
          "schema_version": 0,
          "attributes": {
            "content": "file content",
            "content_base64": null,
            "content_base64sha256": "4Kw2AQBd+hhk9Tkqq699iYsbW6uFTxrLRJG82Aa3aww=",
            "content_base64sha512": "L7GHcwGFSskt1RgBj5dAegqIu2lr/vClHp7705kXNTUAAJ4VvXLD8OS/aQEVhwv6uSZWXVrZcmnZItu7QSYSIQ==",
            "content_md5": "d10b4c3ff123b26dc068d43a8bef2d23",
            "content_sha1": "87758871f598e1a3b4679953589ae2f57a0bb43c",
            "content_sha256": "e0ac3601005dfa1864f5392aabaf7d898b1b5bab854f1acb4491bcd806b76b0c",
            "content_sha512": "2fb1877301854ac92dd518018f97407a0a88bb696bfef0a51e9efbd39917353500009e15bd72c3f0e4bf690115870bfab926565d5ad97269d922dbbb41261221",
            "directory_permission": "0777",
            "file_permission": "0777",
            "filename": "dolphin.txt",
            "id": "87758871f598e1a3b4679953589ae2f57a0bb43c",
            "sensitive_content": null,
            "source": null
          },
          "sensitive_attributes": []
        },
        {
          "index_key": "fish.txt",
          "schema_version": 0,
          "attributes": {
            "content": "file content",
            "content_base64": null,
            "content_base64sha256": "4Kw2AQBd+hhk9Tkqq699iYsbW6uFTxrLRJG82Aa3aww=",
            "content_base64sha512": "L7GHcwGFSskt1RgBj5dAegqIu2lr/vClHp7705kXNTUAAJ4VvXLD8OS/aQEVhwv6uSZWXVrZcmnZItu7QSYSIQ==",
            "content_md5": "d10b4c3ff123b26dc068d43a8bef2d23",
            "content_sha1": "87758871f598e1a3b4679953589ae2f57a0bb43c",
            "content_sha256": "e0ac3601005dfa1864f5392aabaf7d898b1b5bab854f1acb4491bcd806b76b0c",
            "content_sha512": "2fb1877301854ac92dd518018f97407a0a88bb696bfef0a51e9efbd39917353500009e15bd72c3f0e4bf690115870bfab926565d5ad97269d922dbbb41261221",
            "directory_permission": "0777",
            "file_permission": "0777",
            "filename": "fish.txt",
            "id": "87758871f598e1a3b4679953589ae2f57a0bb43c",
            "sensitive_content": null,
            "source": null
          },
          "sensitive_attributes": []
        }
      ]
    }
  ],
  "check_results": null
}
