{
  "version": 4,
  "terraform_version": "1.5.7",
  "serial": 1,
  "lineage": "9a625f81-70b2-8f00-e328-625f9146e79f",
  "outputs": {},
  "resources": [
    {
      "mode": "data",
      "type": "local_file",
      "name": "datasource_file",
      "provider": "provider[\"registry.terraform.io/hashicorp/local\"]",
      "instances": [
        {
          "schema_version": 0,
          "attributes": {
            "content": "This is datasource sample",
            "content_base64": "VGhpcyBpcyBkYXRhc291cmNlIHNhbXBsZQ==",
            "content_base64sha256": "3wwbJWKhpj6qMEW2RQBnEQjNfwalyIUzGhPn9cSVOWQ=",
            "content_base64sha512": "8TmpOjOXVTJ7Kb9S+aMJttKQgb8PK4Qf6Y3xLyphPiJK85IIviuVi3UsfeOSZmXvFQYz8ZHPgaL5SQ+2m8+WZQ==",
            "content_md5": "d90db7ec1b144d5f1651c20ff453e764",
            "content_sha1": "562a2ae2f7b88a963797a0270955993981e0e2e9",
            "content_sha256": "df0c1b2562a1a63eaa3045b64500671108cd7f06a5c885331a13e7f5c4953964",
            "content_sha512": "f139a93a339755327b29bf52f9a309b6d29081bf0f2b841fe98df12f2a613e224af39208be2b958b752c7de3926665ef150633f191cf81a2f9490fb69bcf9665",
            "filename": "./datasource.txt",
            "id": "562a2ae2f7b88a963797a0270955993981e0e2e9"
          },
          "sensitive_attributes": []
        }
      ]
    },
    {
      "mode": "managed",
      "type": "local_file",
      "name": "pet",
      "provider": "provider[\"registry.terraform.io/hashicorp/local\"]",
      "instances": [
        {
          "schema_version": 0,
          "attributes": {
            "content": "This content is reterived from datasource.txt file and its content is \n This is datasource sample",
            "content_base64": null,
            "content_base64sha256": "4InKlPbas5wNNZBH/9iDcdJ8dQgQpSrJ6BWvJsrvE6g=",
            "content_base64sha512": "rV0Pnr+4xdgGY+lAb00/ialRgA9y7yXsoNX6ah1g3BKVFBHuNKuZo7IUGWLe9NtP5xU9tYImtR7+1/osS1YVQQ==",
            "content_md5": "fb2ad35e18e54c88ca278267acaaa1fb",
            "content_sha1": "ca9bc894774b8c050832f830383532d3909d87ce",
            "content_sha256": "e089ca94f6dab39c0d359047ffd88371d27c750810a52ac9e815af26caef13a8",
            "content_sha512": "ad5d0f9ebfb8c5d80663e9406f4d3f89a951800f72ef25eca0d5fa6a1d60dc12951411ee34ab99a3b2141962def4db4fe7153db58226b51efed7fa2c4b561541",
            "directory_permission": "0777",
            "file_permission": "0777",
            "filename": "./data.txt",
            "id": "ca9bc894774b8c050832f830383532d3909d87ce",
            "sensitive_content": null,
            "source": null
          },
          "sensitive_attributes": [],
          "dependencies": [
            "data.local_file.datasource_file"
          ]
        }
      ]
    }
  ],
  "check_results": null
}
