{
  "version": 4,
  "terraform_version": "1.5.7",
  "serial": 25,
  "lineage": "83aef393-2dbc-130c-1f2e-b7096c777f86",
  "outputs": {},
  "resources": [
    {
      "mode": "managed",
      "type": "local_file",
      "name": "first_resource",
      "provider": "provider[\"registry.terraform.io/hashicorp/local\"]",
      "instances": [
        {
          "schema_version": 0,
          "attributes": {
            "content": "Created Time : Sep 12, 2023\nStudent Name is Alex and age is 28. He is graded in high school as true. \nThe last exam subject grades are \nSub 1 : A \nSub 2 : B \nSub 3 : A \nSub 4 : C \nSub 5 : B \n",
            "content_base64": null,
            "content_base64sha256": "DB9kQyeRHtWrW6u+CmUskLx9oY6sfi0Bg0NafZAm0Wk=",
            "content_base64sha512": "3pYk1I242W0ELiXlPQtyz4eaO9tPvr5ClFxEqkg3Dxc82D2PGxi7T+Gu+atvYp5dgyFNjx7xCpLSX5uqCL/Nwg==",
            "content_md5": "7429e1c1f110b98bf62411960356f0a3",
            "content_sha1": "a88f4b2862b76bbfb4f36a84131aee14eeb63466",
            "content_sha256": "0c1f644327911ed5ab5babbe0a652c90bc7da18eac7e2d0183435a7d9026d169",
            "content_sha512": "de9624d48db8d96d042e25e53d0b72cf879a3bdb4fbebe42945c44aa48370f173cd83d8f1b18bb4fe1aef9ab6f629e5d83214d8f1ef10a92d25f9baa08bfcdc2",
            "directory_permission": "0777",
            "file_permission": "0777",
            "filename": "./primitive_types.txt",
            "id": "a88f4b2862b76bbfb4f36a84131aee14eeb63466",
            "sensitive_content": null,
            "source": null
          },
          "sensitive_attributes": []
        }
      ]
    },
    {
      "mode": "managed",
      "type": "local_file",
      "name": "second_resource",
      "provider": "provider[\"registry.terraform.io/hashicorp/local\"]",
      "instances": [
        {
          "schema_version": 0,
          "attributes": {
            "content": "Created Time : Sep 12, 2023\nStudent name is Alex and age is 28. He is graded in high school as true.",
            "content_base64": null,
            "content_base64sha256": "4wcu/ldmJYJL/pQi0SlkfV3szmzgrj2xKOVX06pJQjY=",
            "content_base64sha512": "CnbsOXCCGp2C91nSzLVWQLBYCEHJGEhOlEhkkA21wdjtkQ79JfCJ3ZFg36kx3qOiLbLvHHnpIdpryOve/jygDQ==",
            "content_md5": "c90e6b079243c32eaef86e192251439f",
            "content_sha1": "2e73f0201e5f4dab9f82b0cefe227e654aceed7d",
            "content_sha256": "e3072efe576625824bfe9422d129647d5decce6ce0ae3db128e557d3aa494236",
            "content_sha512": "0a76ec3970821a9d82f759d2ccb55640b0580841c918484e944864900db5c1d8ed910efd25f089dd9160dfa931dea3a22db2ef1c79e921da6bc8ebdefe3ca00d",
            "directory_permission": "0777",
            "file_permission": "0777",
            "filename": "./complex_obj_types.txt",
            "id": "2e73f0201e5f4dab9f82b0cefe227e654aceed7d",
            "sensitive_content": null,
            "source": null
          },
          "sensitive_attributes": []
        }
      ]
    },
    {
      "mode": "managed",
      "type": "local_file",
      "name": "third_resource",
      "provider": "provider[\"registry.terraform.io/hashicorp/local\"]",
      "instances": [
        {
          "schema_version": 0,
          "attributes": {
            "content": "Created Time : Sep 12, 2023\nStudent name is Alex and age is 28. He is graded in high school as true.",
            "content_base64": null,
            "content_base64sha256": "4wcu/ldmJYJL/pQi0SlkfV3szmzgrj2xKOVX06pJQjY=",
            "content_base64sha512": "CnbsOXCCGp2C91nSzLVWQLBYCEHJGEhOlEhkkA21wdjtkQ79JfCJ3ZFg36kx3qOiLbLvHHnpIdpryOve/jygDQ==",
            "content_md5": "c90e6b079243c32eaef86e192251439f",
            "content_sha1": "2e73f0201e5f4dab9f82b0cefe227e654aceed7d",
            "content_sha256": "e3072efe576625824bfe9422d129647d5decce6ce0ae3db128e557d3aa494236",
            "content_sha512": "0a76ec3970821a9d82f759d2ccb55640b0580841c918484e944864900db5c1d8ed910efd25f089dd9160dfa931dea3a22db2ef1c79e921da6bc8ebdefe3ca00d",
            "directory_permission": "0777",
            "file_permission": "0777",
            "filename": "./complex_tuple_types.txt",
            "id": "2e73f0201e5f4dab9f82b0cefe227e654aceed7d",
            "sensitive_content": null,
            "source": null
          },
          "sensitive_attributes": []
        }
      ]
    }
  ],
  "check_results": null
}
